
Microsoft Visual Studio Solution File, Format Version 12.00
# Visual Studio Version 17
VisualStudioVersion = 17.9.34723.18
MinimumVisualStudioVersion = 10.0.40219.1
Project("{FAE04EC0-301F-11D3-BF4B-00C04F79EFBC}") = "become_god", "become_god\become_god.csproj", "{FA25057E-2E2D-4C34-9C72-52E0AD086940}"
EndProject
Global
	GlobalSection(SolutionConfigurationPlatforms) = preSolution
		Debug|Any CPU = Debug|Any CPU
		Release|Any CPU = Release|Any CPU
	EndGlobalSection
	GlobalSection(ProjectConfigurationPlatforms) = postSolution
		{FA25057E-2E2D-4C34-9C72-52E0AD086940}.Debug|Any CPU.ActiveCfg = Debug|Any CPU
		{FA25057E-2E2D-4C34-9C72-52E0AD086940}.Debug|Any CPU.Build.0 = Debug|Any CPU
		{FA25057E-2E2D-4C34-9C72-52E0AD086940}.Release|Any CPU.ActiveCfg = Release|Any CPU
		{FA25057E-2E2D-4C34-9C72-52E0AD086940}.Release|Any CPU.Build.0 = Release|Any CPU
	EndGlobalSection
	GlobalSection(SolutionProperties) = preSolution
		HideSolutionNode = FALSE
	EndGlobalSection
	GlobalSection(ExtensibilityGlobals) = postSolution
		SolutionGuid = {2B896B74-1CBC-4246-8FD3-9F1EB52B94A5}
	EndGlobalSection
EndGlobal
